
Microsoft Visual Studio Solution File, Format Version 12.00
# Visual Studio 15
VisualStudioVersion = 15.0.26124.0
MinimumVisualStudioVersion = 15.0.26124.0
Project("{FAE04EC0-301F-11D3-BF4B-00C04F79EFBC}") = "Domain", "Domain\Domain.csproj", "{EBCCE459-E42E-4D5E-A049-A0A3F233DBDB}"
EndProject
Project("{FAE04EC0-301F-11D3-BF4B-00C04F79EFBC}") = "Application", "Application\Application.csproj", "{6C157E87-122B-4D09-A320-1A2DE8FB6A78}"
EndProject
Project("{FAE04EC0-301F-11D3-BF4B-00C04F79EFBC}") = "Persistence", "Persistence\Persistence.csproj", "{1B512C4C-E85B-4C24-9AE5-031953A05CF7}"
EndProject
Project("{FAE04EC0-301F-11D3-BF4B-00C04F79EFBC}") = "API", "API\API.csproj", "{26D4DC3C-F547-41F0-B8C8-E015DC5AE2B3}"
EndProject
Global
	GlobalSection(SolutionConfigurationPlatforms) = preSolution
		Debug|Any CPU = Debug|Any CPU
		Debug|x64 = Debug|x64
		Debug|x86 = Debug|x86
		Release|Any CPU = Release|Any CPU
		Release|x64 = Release|x64
		Release|x86 = Release|x86
	EndGlobalSection
	GlobalSection(SolutionProperties) = preSolution
		HideSolutionNode = FALSE
	EndGlobalSection
	GlobalSection(ProjectConfigurationPlatforms) = postSolution
		{EBCCE459-E42E-4D5E-A049-A0A3F233DBDB}.Debug|Any CPU.ActiveCfg = Debug|Any CPU
		{EBCCE459-E42E-4D5E-A049-A0A3F233DBDB}.Debug|Any CPU.Build.0 = Debug|Any CPU
		{EBCCE459-E42E-4D5E-A049-A0A3F233DBDB}.Debug|x64.ActiveCfg = Debug|Any CPU
		{EBCCE459-E42E-4D5E-A049-A0A3F233DBDB}.Debug|x64.Build.0 = Debug|Any CPU
		{EBCCE459-E42E-4D5E-A049-A0A3F233DBDB}.Debug|x86.ActiveCfg = Debug|Any CPU
		{EBCCE459-E42E-4D5E-A049-A0A3F233DBDB}.Debug|x86.Build.0 = Debug|Any CPU
		{EBCCE459-E42E-4D5E-A049-A0A3F233DBDB}.Release|Any CPU.ActiveCfg = Release|Any CPU
		{EBCCE459-E42E-4D5E-A049-A0A3F233DBDB}.Release|Any CPU.Build.0 = Release|Any CPU
		{EBCCE459-E42E-4D5E-A049-A0A3F233DBDB}.Release|x64.ActiveCfg = Release|Any CPU
		{EBCCE459-E42E-4D5E-A049-A0A3F233DBDB}.Release|x64.Build.0 = Release|Any CPU
		{EBCCE459-E42E-4D5E-A049-A0A3F233DBDB}.Release|x86.ActiveCfg = Release|Any CPU
		{EBCCE459-E42E-4D5E-A049-A0A3F233DBDB}.Release|x86.Build.0 = Release|Any CPU
		{6C157E87-122B-4D09-A320-1A2DE8FB6A78}.Debug|Any CPU.ActiveCfg = Debug|Any CPU
		{6C157E87-122B-4D09-A320-1A2DE8FB6A78}.Debug|Any CPU.Build.0 = Debug|Any CPU
		{6C157E87-122B-4D09-A320-1A2DE8FB6A78}.Debug|x64.ActiveCfg = Debug|Any CPU
		{6C157E87-122B-4D09-A320-1A2DE8FB6A78}.Debug|x64.Build.0 = Debug|Any CPU
		{6C157E87-122B-4D09-A320-1A2DE8FB6A78}.Debug|x86.ActiveCfg = Debug|Any CPU
		{6C157E87-122B-4D09-A320-1A2DE8FB6A78}.Debug|x86.Build.0 = Debug|Any CPU
		{6C157E87-122B-4D09-A320-1A2DE8FB6A78}.Release|Any CPU.ActiveCfg = Release|Any CPU
		{6C157E87-122B-4D09-A320-1A2DE8FB6A78}.Release|Any CPU.Build.0 = Release|Any CPU
		{6C157E87-122B-4D09-A320-1A2DE8FB6A78}.Release|x64.ActiveCfg = Release|Any CPU
		{6C157E87-122B-4D09-A320-1A2DE8FB6A78}.Release|x64.Build.0 = Release|Any CPU
		{6C157E87-122B-4D09-A320-1A2DE8FB6A78}.Release|x86.ActiveCfg = Release|Any CPU
		{6C157E87-122B-4D09-A320-1A2DE8FB6A78}.Release|x86.Build.0 = Release|Any CPU
		{1B512C4C-E85B-4C24-9AE5-031953A05CF7}.Debug|Any CPU.ActiveCfg = Debug|Any CPU
		{1B512C4C-E85B-4C24-9AE5-031953A05CF7}.Debug|Any CPU.Build.0 = Debug|Any CPU
		{1B512C4C-E85B-4C24-9AE5-031953A05CF7}.Debug|x64.ActiveCfg = Debug|Any CPU
		{1B512C4C-E85B-4C24-9AE5-031953A05CF7}.Debug|x64.Build.0 = Debug|Any CPU
		{1B512C4C-E85B-4C24-9AE5-031953A05CF7}.Debug|x86.ActiveCfg = Debug|Any CPU
		{1B512C4C-E85B-4C24-9AE5-031953A05CF7}.Debug|x86.Build.0 = Debug|Any CPU
		{1B512C4C-E85B-4C24-9AE5-031953A05CF7}.Release|Any CPU.ActiveCfg = Release|Any CPU
		{1B512C4C-E85B-4C24-9AE5-031953A05CF7}.Release|Any CPU.Build.0 = Release|Any CPU
		{1B512C4C-E85B-4C24-9AE5-031953A05CF7}.Release|x64.ActiveCfg = Release|Any CPU
		{1B512C4C-E85B-4C24-9AE5-031953A05CF7}.Release|x64.Build.0 = Release|Any CPU
		{1B512C4C-E85B-4C24-9AE5-031953A05CF7}.Release|x86.ActiveCfg = Release|Any CPU
		{1B512C4C-E85B-4C24-9AE5-031953A05CF7}.Release|x86.Build.0 = Release|Any CPU
		{26D4DC3C-F547-41F0-B8C8-E015DC5AE2B3}.Debug|Any CPU.ActiveCfg = Debug|Any CPU
		{26D4DC3C-F547-41F0-B8C8-E015DC5AE2B3}.Debug|Any CPU.Build.0 = Debug|Any CPU
		{26D4DC3C-F547-41F0-B8C8-E015DC5AE2B3}.Debug|x64.ActiveCfg = Debug|Any CPU
		{26D4DC3C-F547-41F0-B8C8-E015DC5AE2B3}.Debug|x64.Build.0 = Debug|Any CPU
		{26D4DC3C-F547-41F0-B8C8-E015DC5AE2B3}.Debug|x86.ActiveCfg = Debug|Any CPU
		{26D4DC3C-F547-41F0-B8C8-E015DC5AE2B3}.Debug|x86.Build.0 = Debug|Any CPU
		{26D4DC3C-F547-41F0-B8C8-E015DC5AE2B3}.Release|Any CPU.ActiveCfg = Release|Any CPU
		{26D4DC3C-F547-41F0-B8C8-E015DC5AE2B3}.Release|Any CPU.Build.0 = Release|Any CPU
		{26D4DC3C-F547-41F0-B8C8-E015DC5AE2B3}.Release|x64.ActiveCfg = Release|Any CPU
		{26D4DC3C-F547-41F0-B8C8-E015DC5AE2B3}.Release|x64.Build.0 = Release|Any CPU
		{26D4DC3C-F547-41F0-B8C8-E015DC5AE2B3}.Release|x86.ActiveCfg = Release|Any CPU
		{26D4DC3C-F547-41F0-B8C8-E015DC5AE2B3}.Release|x86.Build.0 = Release|Any CPU
	EndGlobalSection
EndGlobal
